
Microsoft Visual Studio Solution File, Format Version 12.00
# Visual Studio Version 17
VisualStudioVersion = 17.5.33516.290
MinimumVisualStudioVersion = 10.0.40219.1
Project("{FAE04EC0-301F-11D3-BF4B-00C04F79EFBC}") = "BgmExamples", "BgmExamples\BgmExamples.csproj", "{1780D64B-6C04-48EC-A007-63E7A1B65739}"
EndProject
Global
	GlobalSection(SolutionConfigurationPlatforms) = preSolution
		Debug|Any CPU = Debug|Any CPU
		Release|Any CPU = Release|Any CPU
	EndGlobalSection
	GlobalSection(ProjectConfigurationPlatforms) = postSolution
		{1780D64B-6C04-48EC-A007-63E7A1B65739}.Debug|Any CPU.ActiveCfg = Debug|Any CPU
		{1780D64B-6C04-48EC-A007-63E7A1B65739}.Debug|Any CPU.Build.0 = Debug|Any CPU
		{1780D64B-6C04-48EC-A007-63E7A1B65739}.Release|Any CPU.ActiveCfg = Release|Any CPU
		{1780D64B-6C04-48EC-A007-63E7A1B65739}.Release|Any CPU.Build.0 = Release|Any CPU
	EndGlobalSection
	GlobalSection(SolutionProperties) = preSolution
		HideSolutionNode = FALSE
	EndGlobalSection
	GlobalSection(ExtensibilityGlobals) = postSolution
		SolutionGuid = {B1312097-91E1-4987-ADE3-3819A94DD5CD}
	EndGlobalSection
EndGlobal
